
Microsoft Visual Studio Solution File, Format Version 12.00
# Visual Studio Version 16
VisualStudioVersion = 16.0.31702.278
MinimumVisualStudioVersion = 10.0.40219.1
Project("{888888A0-9F3D-457C-B088-3A5042F75D52}") = "EatHappyDeliveryApp", "EatHappyDeliveryApp\EatHappyDeliveryApp.pyproj", "{633FA2F7-19F5-4332-9424-E6E92FC21ECE}"
EndProject
Global
	GlobalSection(SolutionConfigurationPlatforms) = preSolution
		Debug|Any CPU = Debug|Any CPU
		Release|Any CPU = Release|Any CPU
	EndGlobalSection
	GlobalSection(ProjectConfigurationPlatforms) = postSolution
		{633FA2F7-19F5-4332-9424-E6E92FC21ECE}.Debug|Any CPU.ActiveCfg = Debug|Any CPU
		{633FA2F7-19F5-4332-9424-E6E92FC21ECE}.Release|Any CPU.ActiveCfg = Release|Any CPU
	EndGlobalSection
	GlobalSection(SolutionProperties) = preSolution
		HideSolutionNode = FALSE
	EndGlobalSection
	GlobalSection(ExtensibilityGlobals) = postSolution
		SolutionGuid = {C9AEF707-444A-4BCE-86C7-79B5A7AEE603}
	EndGlobalSection
EndGlobal
