
Microsoft Visual Studio Solution File, Format Version 12.00
# Visual Studio Version 16
VisualStudioVersion = 16.0.31702.278
MinimumVisualStudioVersion = 10.0.40219.1
Project("{888888A0-9F3D-457C-B088-3A5042F75D52}") = "EatHappyEDIFactImportPY", "EatHappyEDIFactImportPY\EatHappyEDIFactImportPY.pyproj", "{FEB89781-9E96-4945-839A-A1CA26AFDCBD}"
EndProject
Global
	GlobalSection(SolutionConfigurationPlatforms) = preSolution
		Debug|Any CPU = Debug|Any CPU
		Release|Any CPU = Release|Any CPU
	EndGlobalSection
	GlobalSection(ProjectConfigurationPlatforms) = postSolution
		{FEB89781-9E96-4945-839A-A1CA26AFDCBD}.Debug|Any CPU.ActiveCfg = Debug|Any CPU
		{FEB89781-9E96-4945-839A-A1CA26AFDCBD}.Release|Any CPU.ActiveCfg = Release|Any CPU
	EndGlobalSection
	GlobalSection(SolutionProperties) = preSolution
		HideSolutionNode = FALSE
	EndGlobalSection
	GlobalSection(ExtensibilityGlobals) = postSolution
		SolutionGuid = {0E5686F2-E9B1-4424-9677-B2D6DC5789CE}
	EndGlobalSection
EndGlobal
