
Microsoft Visual Studio Solution File, Format Version 12.00
# Visual Studio Version 16
VisualStudioVersion = 16.0.31515.178
MinimumVisualStudioVersion = 10.0.40219.1
Project("{888888A0-9F3D-457C-B088-3A5042F75D52}") = "CSVCleanserPython", "CSVCleanserPython\CSVCleanserPython.pyproj", "{FC8B674D-1E3C-4F2E-900D-95FE28A0BDD0}"
EndProject
Global
	GlobalSection(SolutionConfigurationPlatforms) = preSolution
		Debug|Any CPU = Debug|Any CPU
		Release|Any CPU = Release|Any CPU
	EndGlobalSection
	GlobalSection(ProjectConfigurationPlatforms) = postSolution
		{FC8B674D-1E3C-4F2E-900D-95FE28A0BDD0}.Debug|Any CPU.ActiveCfg = Debug|Any CPU
		{FC8B674D-1E3C-4F2E-900D-95FE28A0BDD0}.Release|Any CPU.ActiveCfg = Release|Any CPU
	EndGlobalSection
	GlobalSection(SolutionProperties) = preSolution
		HideSolutionNode = FALSE
	EndGlobalSection
	GlobalSection(ExtensibilityGlobals) = postSolution
		SolutionGuid = {85F41960-5E84-4C5F-8CDD-E1421A5FCC7E}
	EndGlobalSection
EndGlobal
