
Microsoft Visual Studio Solution File, Format Version 12.00
# Visual Studio Version 16
VisualStudioVersion = 16.0.31702.278
MinimumVisualStudioVersion = 10.0.40219.1
Project("{888888A0-9F3D-457C-B088-3A5042F75D52}") = "CSVCleanserPY", "CSVCleanserPY\CSVCleanserPY.pyproj", "{8CED24C7-D1DD-497D-8E89-209B95B1A676}"
EndProject
Global
	GlobalSection(SolutionConfigurationPlatforms) = preSolution
		Debug|Any CPU = Debug|Any CPU
		Release|Any CPU = Release|Any CPU
	EndGlobalSection
	GlobalSection(ProjectConfigurationPlatforms) = postSolution
		{8CED24C7-D1DD-497D-8E89-209B95B1A676}.Debug|Any CPU.ActiveCfg = Debug|Any CPU
		{8CED24C7-D1DD-497D-8E89-209B95B1A676}.Release|Any CPU.ActiveCfg = Release|Any CPU
	EndGlobalSection
	GlobalSection(SolutionProperties) = preSolution
		HideSolutionNode = FALSE
	EndGlobalSection
	GlobalSection(ExtensibilityGlobals) = postSolution
		SolutionGuid = {16A4122E-8361-42BB-BF61-06469E0FE097}
	EndGlobalSection
EndGlobal
